
Microsoft Visual Studio Solution File, Format Version 12.00
# Visual Studio 15
VisualStudioVersion = 15.0.28307.572
MinimumVisualStudioVersion = 10.0.40219.1
Project("{FAE04EC0-301F-11D3-BF4B-00C04F79EFBC}") = "Libros.Android", "Libros\Libros.Android\Libros.Android.csproj", "{089F96D7-5868-4A53-B7FC-AA93A87938E2}"
EndProject
Project("{FAE04EC0-301F-11D3-BF4B-00C04F79EFBC}") = "Libros", "Libros\Libros\Libros.csproj", "{F306C924-5FA2-4407-B426-C22C8F1709E0}"
EndProject
Global
	GlobalSection(SolutionConfigurationPlatforms) = preSolution
		Debug|Any CPU = Debug|Any CPU
		Release|Any CPU = Release|Any CPU
	EndGlobalSection
	GlobalSection(ProjectConfigurationPlatforms) = postSolution
		{089F96D7-5868-4A53-B7FC-AA93A87938E2}.Debug|Any CPU.ActiveCfg = Debug|Any CPU
		{089F96D7-5868-4A53-B7FC-AA93A87938E2}.Debug|Any CPU.Build.0 = Debug|Any CPU
		{089F96D7-5868-4A53-B7FC-AA93A87938E2}.Debug|Any CPU.Deploy.0 = Debug|Any CPU
		{089F96D7-5868-4A53-B7FC-AA93A87938E2}.Release|Any CPU.ActiveCfg = Release|Any CPU
		{089F96D7-5868-4A53-B7FC-AA93A87938E2}.Release|Any CPU.Build.0 = Release|Any CPU
		{089F96D7-5868-4A53-B7FC-AA93A87938E2}.Release|Any CPU.Deploy.0 = Release|Any CPU
		{F306C924-5FA2-4407-B426-C22C8F1709E0}.Debug|Any CPU.ActiveCfg = Debug|Any CPU
		{F306C924-5FA2-4407-B426-C22C8F1709E0}.Debug|Any CPU.Build.0 = Debug|Any CPU
		{F306C924-5FA2-4407-B426-C22C8F1709E0}.Debug|Any CPU.Deploy.0 = Debug|Any CPU
		{F306C924-5FA2-4407-B426-C22C8F1709E0}.Release|Any CPU.ActiveCfg = Release|Any CPU
		{F306C924-5FA2-4407-B426-C22C8F1709E0}.Release|Any CPU.Build.0 = Release|Any CPU
		{F306C924-5FA2-4407-B426-C22C8F1709E0}.Release|Any CPU.Deploy.0 = Release|Any CPU
	EndGlobalSection
	GlobalSection(SolutionProperties) = preSolution
		HideSolutionNode = FALSE
	EndGlobalSection
	GlobalSection(ExtensibilityGlobals) = postSolution
		SolutionGuid = {DD91E846-768D-45F5-8954-9BB61B351A1D}
	EndGlobalSection
	GlobalSection(TeamFoundationVersionControl) = preSolution
		SccNumberOfProjects = 3
		SccEnterpriseProvider = {4CA58AB2-18FA-4F8D-95D4-32DDF27D184C}
		SccTeamFoundationServer = https://hosting.ca2s.com:8088/tfs/univo
		SccLocalPath0 = .
		SccProjectUniqueName1 = Libros\\Libros.Android\\Libros.Android.csproj
		SccProjectName1 = Libros/Libros.Android
		SccLocalPath1 = Libros\\Libros.Android
		SccProjectUniqueName2 = Libros\\Libros\\Libros.csproj
		SccProjectName2 = Libros/Libros
		SccLocalPath2 = Libros\\Libros
	EndGlobalSection
EndGlobal
